// !$*UTF8*$!
{
	archiveVersion = 1;
	classes = {
	};
	objectVersion = 50;
	objects = {

/* Begin PBXBuildFile section */
		934928E721ED1AF700D3108B /* AppDelegate.swift in Sources */ = {isa = PBXBuildFile; fileRef = 934928E621ED1AF700D3108B /* AppDelegate.swift */; };
		934928E921ED1AF700D3108B /* ViewController.swift in Sources */ = {isa = PBXBuildFile; fileRef = 934928E821ED1AF700D3108B /* ViewController.swift */; };
		934928EC21ED1AF700D3108B /* Main.storyboard in Resources */ = {isa = PBXBuildFile; fileRef = 934928EA21ED1AF700D3108B /* Main.storyboard */; };
		934928EE21ED1AF900D3108B /* Assets.xcassets in Resources */ = {isa = PBXBuildFile; fileRef = 934928ED21ED1AF900D3108B /* Assets.xcassets */; };
		934928F121ED1AF900D3108B /* LaunchScreen.storyboard in Resources */ = {isa = PBXBuildFile; fileRef = 934928EF21ED1AF900D3108B /* LaunchScreen.storyboard */; };
		9349295621EFE40F00D3108B /* DetailViewController.swift in Sources */ = {isa = PBXBuildFile; fileRef = 9349295521EFE40F00D3108B /* DetailViewController.swift */; };
		9349295821F0FFDC00D3108B /* PhotoCollectionViewCell.swift in Sources */ = {isa = PBXBuildFile; fileRef = 9349295721F0FFDC00D3108B /* PhotoCollectionViewCell.swift */; };
		9349295A21F1029A00D3108B /* DataPersistenceManager.swift in Sources */ = {isa = PBXBuildFile; fileRef = 9349295921F1029A00D3108B /* DataPersistenceManager.swift */; };
		9349295C21F102BD00D3108B /* JournalModel.swift in Sources */ = {isa = PBXBuildFile; fileRef = 9349295B21F102BD00D3108B /* JournalModel.swift */; };
		9349295E21F1041C00D3108B /* Photo.swift in Sources */ = {isa = PBXBuildFile; fileRef = 9349295D21F1041C00D3108B /* Photo.swift */; };
/* End PBXBuildFile section */

/* Begin PBXFileReference section */
		934928E321ED1AF700D3108B /* PhotoJournal.app */ = {isa = PBXFileReference; explicitFileType = wrapper.application; includeInIndex = 0; path = PhotoJournal.app; sourceTree = BUILT_PRODUCTS_DIR; };
		934928E621ED1AF700D3108B /* AppDelegate.swift */ = {isa = PBXFileReference; lastKnownFileType = sourcecode.swift; path = AppDelegate.swift; sourceTree = "<group>"; };
		934928E821ED1AF700D3108B /* ViewController.swift */ = {isa = PBXFileReference; lastKnownFileType = sourcecode.swift; path = ViewController.swift; sourceTree = "<group>"; };
		934928EB21ED1AF700D3108B /* Base */ = {isa = PBXFileReference; lastKnownFileType = file.storyboard; name = Base; path = Base.lproj/Main.storyboard; sourceTree = "<group>"; };
		934928ED21ED1AF900D3108B /* Assets.xcassets */ = {isa = PBXFileReference; lastKnownFileType = folder.assetcatalog; path = Assets.xcassets; sourceTree = "<group>"; };
		934928F021ED1AF900D3108B /* Base */ = {isa = PBXFileReference; lastKnownFileType = file.storyboard; name = Base; path = Base.lproj/LaunchScreen.storyboard; sourceTree = "<group>"; };
		934928F221ED1AF900D3108B /* Info.plist */ = {isa = PBXFileReference; lastKnownFileType = text.plist.xml; path = Info.plist; sourceTree = "<group>"; };
		9349295521EFE40F00D3108B /* DetailViewController.swift */ = {isa = PBXFileReference; lastKnownFileType = sourcecode.swift; path = DetailViewController.swift; sourceTree = "<group>"; };
		9349295721F0FFDC00D3108B /* PhotoCollectionViewCell.swift */ = {isa = PBXFileReference; lastKnownFileType = sourcecode.swift; path = PhotoCollectionViewCell.swift; sourceTree = "<group>"; };
		9349295921F1029A00D3108B /* DataPersistenceManager.swift */ = {isa = PBXFileReference; lastKnownFileType = sourcecode.swift; path = DataPersistenceManager.swift; sourceTree = "<group>"; };
		9349295B21F102BD00D3108B /* JournalModel.swift */ = {isa = PBXFileReference; lastKnownFileType = sourcecode.swift; path = JournalModel.swift; sourceTree = "<group>"; };
		9349295D21F1041C00D3108B /* Photo.swift */ = {isa = PBXFileReference; lastKnownFileType = sourcecode.swift; path = Photo.swift; sourceTree = "<group>"; };
/* End PBXFileReference section */

/* Begin PBXFrameworksBuildPhase section */
		934928E021ED1AF700D3108B /* Frameworks */ = {
			isa = PBXFrameworksBuildPhase;
			buildActionMask = 2147483647;
			files = (
			);
			runOnlyForDeploymentPostprocessing = 0;
		};
/* End PBXFrameworksBuildPhase section */

/* Begin PBXGroup section */
		934928DA21ED1AF700D3108B = {
			isa = PBXGroup;
			children = (
				934928E521ED1AF700D3108B /* PhotoJournal */,
				934928E421ED1AF700D3108B /* Products */,
			);
			sourceTree = "<group>";
		};
		934928E421ED1AF700D3108B /* Products */ = {
			isa = PBXGroup;
			children = (
				934928E321ED1AF700D3108B /* PhotoJournal.app */,
			);
			name = Products;
			sourceTree = "<group>";
		};
		934928E521ED1AF700D3108B /* PhotoJournal */ = {
			isa = PBXGroup;
			children = (
				934928E621ED1AF700D3108B /* AppDelegate.swift */,
				934928E821ED1AF700D3108B /* ViewController.swift */,
				9349295921F1029A00D3108B /* DataPersistenceManager.swift */,
				9349295B21F102BD00D3108B /* JournalModel.swift */,
				934928EA21ED1AF700D3108B /* Main.storyboard */,
				9349295721F0FFDC00D3108B /* PhotoCollectionViewCell.swift */,
				9349295D21F1041C00D3108B /* Photo.swift */,
				9349295521EFE40F00D3108B /* DetailViewController.swift */,
				934928ED21ED1AF900D3108B /* Assets.xcassets */,
				934928EF21ED1AF900D3108B /* LaunchScreen.storyboard */,
				934928F221ED1AF900D3108B /* Info.plist */,
			);
			path = PhotoJournal;
			sourceTree = "<group>";
		};
/* End PBXGroup section */

/* Begin PBXNativeTarget section */
		934928E221ED1AF700D3108B /* PhotoJournal */ = {
			isa = PBXNativeTarget;
			buildConfigurationList = 934928F521ED1AF900D3108B /* Build configuration list for PBXNativeTarget "PhotoJournal" */;
			buildPhases = (
				934928DF21ED1AF700D3108B /* Sources */,
				934928E021ED1AF700D3108B /* Frameworks */,
				934928E121ED1AF700D3108B /* Resources */,
			);
			buildRules = (
			);
			dependencies = (
			);
			name = PhotoJournal;
			productName = PhotoJournal;
			productReference = 934928E321ED1AF700D3108B /* PhotoJournal.app */;
			productType = "com.apple.product-type.application";
		};
/* End PBXNativeTarget section */

/* Begin PBXProject section */
		934928DB21ED1AF700D3108B /* Project object */ = {
			isa = PBXProject;
			attributes = {
				LastSwiftUpdateCheck = 1000;
				LastUpgradeCheck = 1000;
				ORGANIZATIONNAME = Pursuit;
				TargetAttributes = {
					934928E221ED1AF700D3108B = {
						CreatedOnToolsVersion = 10.0;
					};
				};
			};
			buildConfigurationList = 934928DE21ED1AF700D3108B /* Build configuration list for PBXProject "PhotoJournal" */;
			compatibilityVersion = "Xcode 9.3";
			developmentRegion = en;
			hasScannedForEncodings = 0;
			knownRegions = (
				en,
				Base,
			);
			mainGroup = 934928DA21ED1AF700D3108B;
			productRefGroup = 934928E421ED1AF700D3108B /* Products */;
			projectDirPath = "";
			projectRoot = "";
			targets = (
				934928E221ED1AF700D3108B /* PhotoJournal */,
			);
		};
/* End PBXProject section */

/* Begin PBXResourcesBuildPhase section */
		934928E121ED1AF700D3108B /* Resources */ = {
			isa = PBXResourcesBuildPhase;
			buildActionMask = 2147483647;
			files = (
				934928F121ED1AF900D3108B /* LaunchScreen.storyboard in Resources */,
				934928EE21ED1AF900D3108B /* Assets.xcassets in Resources */,
				934928EC21ED1AF700D3108B /* Main.storyboard in Resources */,
			);
			runOnlyForDeploymentPostprocessing = 0;
		};
/* End PBXResourcesBuildPhase section */

/* Begin PBXSourcesBuildPhase section */
		934928DF21ED1AF700D3108B /* Sources */ = {
			isa = PBXSourcesBuildPhase;
			buildActionMask = 2147483647;
			files = (
				9349295E21F1041C00D3108B /* Photo.swift in Sources */,
				9349295621EFE40F00D3108B /* DetailViewController.swift in Sources */,
				9349295821F0FFDC00D3108B /* PhotoCollectionViewCell.swift in Sources */,
				934928E921ED1AF700D3108B /* ViewController.swift in Sources */,
				9349295C21F102BD00D3108B /* JournalModel.swift in Sources */,
				934928E721ED1AF700D3108B /* AppDelegate.swift in Sources */,
				9349295A21F1029A00D3108B /* DataPersistenceManager.swift in Sources */,
			);
			runOnlyForDeploymentPostprocessing = 0;
		};
/* End PBXSourcesBuildPhase section */

/* Begin PBXVariantGroup section */
		934928EA21ED1AF700D3108B /* Main.storyboard */ = {
			isa = PBXVariantGroup;
			children = (
				934928EB21ED1AF700D3108B /* Base */,
			);
			name = Main.storyboard;
			sourceTree = "<group>";
		};
		934928EF21ED1AF900D3108B /* LaunchScreen.storyboard */ = {
			isa = PBXVariantGroup;
			children = (
				934928F021ED1AF900D3108B /* Base */,
			);
			name = LaunchScreen.storyboard;
			sourceTree = "<group>";
		};
/* End PBXVariantGroup section */

/* Begin XCBuildConfiguration section */
		934928F321ED1AF900D3108B /* Debug */ = {
			isa = XCBuildConfiguration;
			buildSettings = {
				ALWAYS_SEARCH_USER_PATHS = NO;
				CLANG_ANALYZER_NONNULL = YES;
				CLANG_ANALYZER_NUMBER_OBJECT_CONVERSION = YES_AGGRESSIVE;
				CLANG_CXX_LANGUAGE_STANDARD = "gnu++14";
				CLANG_CXX_LIBRARY = "libc++";
				CLANG_ENABLE_MODULES = YES;
				CLANG_ENABLE_OBJC_ARC = YES;
				CLANG_ENABLE_OBJC_WEAK = YES;
				CLANG_WARN_BLOCK_CAPTURE_AUTORELEASING = YES;
				CLANG_WARN_BOOL_CONVERSION = YES;
				CLANG_WARN_COMMA = YES;
				CLANG_WARN_CONSTANT_CONVERSION = YES;
				CLANG_WARN_DEPRECATED_OBJC_IMPLEMENTATIONS = YES;
				CLANG_WARN_DIRECT_OBJC_ISA_USAGE = YES_ERROR;
				CLANG_WARN_DOCUMENTATION_COMMENTS = YES;
				CLANG_WARN_EMPTY_BODY = YES;
				CLANG_WARN_ENUM_CONVERSION = YES;
				CLANG_WARN_INFINITE_RECURSION = YES;
				CLANG_WARN_INT_CONVERSION = YES;
				CLANG_WARN_NON_LITERAL_NULL_CONVERSION = YES;
				CLANG_WARN_OBJC_IMPLICIT_RETAIN_SELF = YES;
				CLANG_WARN_OBJC_LITERAL_CONVERSION = YES;
				CLANG_WARN_OBJC_ROOT_CLASS = YES_ERROR;
				CLANG_WARN_RANGE_LOOP_ANALYSIS = YES;
				CLANG_WARN_STRICT_PROTOTYPES = YES;
				CLANG_WARN_SUSPICIOUS_MOVE = YES;
				CLANG_WARN_UNGUARDED_AVAILABILITY = YES_AGGRESSIVE;
				CLANG_WARN_UNREACHABLE_CODE = YES;
				CLANG_WARN__DUPLICATE_METHOD_MATCH = YES;
				CODE_SIGN_IDENTITY = "iPhone Developer";
				COPY_PHASE_STRIP = NO;
				DEBUG_INFORMATION_FORMAT = dwarf;
				ENABLE_STRICT_OBJC_MSGSEND = YES;
				ENABLE_TESTABILITY = YES;
				GCC_C_LANGUAGE_STANDARD = gnu11;
				GCC_DYNAMIC_NO_PIC = NO;
				GCC_NO_COMMON_BLOCKS = YES;
				GCC_OPTIMIZATION_LEVEL = 0;
				GCC_PREPROCESSOR_DEFINITIONS = (
					"DEBUG=1",
					"$(inherited)",
				);
				GCC_WARN_64_TO_32_BIT_CONVERSION = YES;
				GCC_WARN_ABOUT_RETURN_TYPE = YES_ERROR;
				GCC_WARN_UNDECLARED_SELECTOR = YES;
				GCC_WARN_UNINITIALIZED_AUTOS = YES_AGGRESSIVE;
				GCC_WARN_UNUSED_FUNCTION = YES;
				GCC_WARN_UNUSED_VARIABLE = YES;
				IPHONEOS_DEPLOYMENT_TARGET = 12.0;
				MTL_ENABLE_DEBUG_INFO = INCLUDE_SOURCE;
				MTL_FAST_MATH = YES;
				ONLY_ACTIVE_ARCH = YES;
				SDKROOT = iphoneos;
				SWIFT_ACTIVE_COMPILATION_CONDITIONS = DEBUG;
				SWIFT_OPTIMIZATION_LEVEL = "-Onone";
			};
			name = Debug;
		};
		934928F421ED1AF900D3108B /* Release */ = {
			isa = XCBuildConfiguration;
			buildSettings = {
				ALWAYS_SEARCH_USER_PATHS = NO;
				CLANG_ANALYZER_NONNULL = YES;
				CLANG_ANALYZER_NUMBER_OBJECT_CONVERSION = YES_AGGRESSIVE;
				CLANG_CXX_LANGUAGE_STANDARD = "gnu++14";
				CLANG_CXX_LIBRARY = "libc++";
				CLANG_ENABLE_MODULES = YES;
				CLANG_ENABLE_OBJC_ARC = YES;
				CLANG_ENABLE_OBJC_WEAK = YES;
				CLANG_WARN_BLOCK_CAPTURE_AUTORELEASING = YES;
				CLANG_WARN_BOOL_CONVERSION = YES;
				CLANG_WARN_COMMA = YES;
				CLANG_WARN_CONSTANT_CONVERSION = YES;
				CLANG_WARN_DEPRECATED_OBJC_IMPLEMENTATIONS = YES;
				CLANG_WARN_DIRECT_OBJC_ISA_USAGE = YES_ERROR;
				CLANG_WARN_DOCUMENTATION_COMMENTS = YES;
				CLANG_WARN_EMPTY_BODY = YES;
				CLANG_WARN_ENUM_CONVERSION = YES;
				CLANG_WARN_INFINITE_RECURSION = YES;
				CLANG_WARN_INT_CONVERSION = YES;
				CLANG_WARN_NON_LITERAL_NULL_CONVERSION = YES;
				CLANG_WARN_OBJC_IMPLICIT_RETAIN_SELF = YES;
				CLANG_WARN_OBJC_LITERAL_CONVERSION = YES;
				CLANG_WARN_OBJC_ROOT_CLASS = YES_ERROR;
				CLANG_WARN_RANGE_LOOP_ANALYSIS = YES;
				CLANG_WARN_STRICT_PROTOTYPES = YES;
				CLANG_WARN_SUSPICIOUS_MOVE = YES;
				CLANG_WARN_UNGUARDED_AVAILABILITY = YES_AGGRESSIVE;
				CLANG_WARN_UNREACHABLE_CODE = YES;
				CLANG_WARN__DUPLICATE_METHOD_MATCH = YES;
				CODE_SIGN_IDENTITY = "iPhone Developer";
				COPY_PHASE_STRIP = NO;
				DEBUG_INFORMATION_FORMAT = "dwarf-with-dsym";
				ENABLE_NS_ASSERTIONS = NO;
				ENABLE_STRICT_OBJC_MSGSEND = YES;
				GCC_C_LANGUAGE_STANDARD = gnu11;
				GCC_NO_COMMON_BLOCKS = YES;
				GCC_WARN_64_TO_32_BIT_CONVERSION = YES;
				GCC_WARN_ABOUT_RETURN_TYPE = YES_ERROR;
				GCC_WARN_UNDECLARED_SELECTOR = YES;
				GCC_WARN_UNINITIALIZED_AUTOS = YES_AGGRESSIVE;
				GCC_WARN_UNUSED_FUNCTION = YES;
				GCC_WARN_UNUSED_VARIABLE = YES;
				IPHONEOS_DEPLOYMENT_TARGET = 12.0;
				MTL_ENABLE_DEBUG_INFO = NO;
				MTL_FAST_MATH = YES;
				SDKROOT = iphoneos;
				SWIFT_COMPILATION_MODE = wholemodule;
				SWIFT_OPTIMIZATION_LEVEL = "-O";
				VALIDATE_PRODUCT = YES;
			};
			name = Release;
		};
		934928F621ED1AF900D3108B /* Debug */ = {
			isa = XCBuildConfiguration;
			buildSettings = {
				ASSETCATALOG_COMPILER_APPICON_NAME = AppIcon;
				CODE_SIGN_STYLE = Automatic;
				DEVELOPMENT_TEAM = 9528M3AFGV;
				INFOPLIST_FILE = PhotoJournal/Info.plist;
				LD_RUNPATH_SEARCH_PATHS = (
					"$(inherited)",
					"@executable_path/Frameworks",
				);
				PRODUCT_BUNDLE_IDENTIFIER = org.pursuit.PhotoJournal;
				PRODUCT_NAME = "$(TARGET_NAME)";
				SWIFT_VERSION = 4.2;
				TARGETED_DEVICE_FAMILY = "1,2";
			};
			name = Debug;
		};
		934928F721ED1AF900D3108B /* Release */ = {
			isa = XCBuildConfiguration;
			buildSettings = {
				ASSETCATALOG_COMPILER_APPICON_NAME = AppIcon;
				CODE_SIGN_STYLE = Automatic;
				DEVELOPMENT_TEAM = 9528M3AFGV;
				INFOPLIST_FILE = PhotoJournal/Info.plist;
				LD_RUNPATH_SEARCH_PATHS = (
					"$(inherited)",
					"@executable_path/Frameworks",
				);
				PRODUCT_BUNDLE_IDENTIFIER = org.pursuit.PhotoJournal;
				PRODUCT_NAME = "$(TARGET_NAME)";
				SWIFT_VERSION = 4.2;
				TARGETED_DEVICE_FAMILY = "1,2";
			};
			name = Release;
		};
/* End XCBuildConfiguration section */

/* Begin XCConfigurationList section */
		934928DE21ED1AF700D3108B /* Build configuration list for PBXProject "PhotoJournal" */ = {
			isa = XCConfigurationList;
			buildConfigurations = (
				934928F321ED1AF900D3108B /* Debug */,
				934928F421ED1AF900D3108B /* Release */,
			);
			defaultConfigurationIsVisible = 0;
			defaultConfigurationName = Release;
		};
		934928F521ED1AF900D3108B /* Build configuration list for PBXNativeTarget "PhotoJournal" */ = {
			isa = XCConfigurationList;
			buildConfigurations = (
				934928F621ED1AF900D3108B /* Debug */,
				934928F721ED1AF900D3108B /* Release */,
			);
			defaultConfigurationIsVisible = 0;
			defaultConfigurationName = Release;
		};
/* End XCConfigurationList section */
	};
	rootObject = 934928DB21ED1AF700D3108B /* Project object */;
}
